PODS:
  - Alamofire (4.4.0)
  - Nimble (7.0.0)
  - RxCocoa (3.4.1):
    - RxSwift (~> 3.4)
  - RxSwift (3.4.1)
  - RxTest (3.4.1):
    - RxSwift (~> 3.4)

DEPENDENCIES:
  - Alamofire
  - Nimble
  - RxCocoa
  - RxSwift
  - RxTest

SPEC CHECKSUMS:
  Alamofire: dc44b1600b800eb63da6a19039a0083d62a6a62d
  Nimble: 874982b605d4d752fcac6be695d13c502de84b1b
  RxCocoa: a8a5f1d061d0043e28f56976829f31ce63e8eb09
  RxSwift: 656f8fbeca5bc372121a72d9ebdd3cd3bc0ffade
  RxTest: a6fd6e4069face7c6488f96f6c42296b3e44db48

PODFILE CHECKSUM: a9fbf7e4285c82c869a5c5a7b618b96211f49e0e

COCOAPODS: 1.2.1
