PODS:
  - Alamofire (4.4.0)
  - Nimble (7.0.1)
  - RxCocoa (3.4.1):
    - RxSwift (~> 3.4)
  - RxSwift (3.4.1)
  - RxTest (3.4.1):
    - RxSwift (~> 3.4)
  - Swinject (2.1.0)

DEPENDENCIES:
  - Alamofire
  - Nimble
  - RxCocoa
  - RxSwift
  - RxTest
  - Swinject

SPEC CHECKSUMS:
  Alamofire: dc44b1600b800eb63da6a19039a0083d62a6a62d
  Nimble: 657d000e11df8aebe27cdaf9d244de7f30ed87f7
  RxCocoa: a8a5f1d061d0043e28f56976829f31ce63e8eb09
  RxSwift: 656f8fbeca5bc372121a72d9ebdd3cd3bc0ffade
  RxTest: a6fd6e4069face7c6488f96f6c42296b3e44db48
  Swinject: 85e468ac75c5c2d234076f98c591d57d56bc64bc

PODFILE CHECKSUM: 3bcf1549168de40546ba1154a51e10dd13667eb0

COCOAPODS: 1.2.1
